hash: b97ee1c5340dfb21de16a777bbeb5cffac6cafe4fea4276fff678bb48196525c
updated: 2017-03-30T16:59:31.854105135+01:00
imports:
- name: github.com/golang/protobuf
  version: c9c7427a2a70d2eb3bafa0ab2dc163e45f143317
  subpackages:
  - proto
  - ptypes
  - ptypes/any
  - ptypes/duration
  - ptypes/timestamp
- name: github.com/intersights/proto-go
  version: 7606bbf63b38d7462c1c302c9a9208211ae02f5e
  subpackages:
  - pbsights
- name: golang.org/x/net
  version: ffcf1bedda3b04ebb15a168a59800a73d6dc0f4d
  subpackages:
  - context
  - http2
  - http2/hpack
  - idna
  - internal/timeseries
  - lex/httplex
  - trace
- name: golang.org/x/text
  version: 3aa6d803466d99ea1bdf4af99e6db53299c02bd7
  subpackages:
  - secure/bidirule
  - transform
  - unicode/bidi
  - unicode/norm
- name: google.golang.org/grpc
  version: 7fc29d0caa400efc53212b222356f99efe87d7d5
  subpackages:
  - codes
  - credentials
  - grpclog
  - internal
  - keepalive
  - metadata
  - naming
  - peer
  - stats
  - tap
  - transport
testImports: []
